// !$*UTF8*$!
{
	archiveVersion = 1;
	classes = {
	};
	objectVersion = 48;
	objects = {

/* Begin PBXBuildFile section */
		6FBC0B7B18434400791762DA /* Pods_Social_App.framework in Frameworks */ = {isa = PBXBuildFile; fileRef = 0AF4CAF6D263C8E9015105F2 /* Pods_Social_App.framework */; };
		D161EDDE1F905F55003AA990 /* DataService.swift in Sources */ = {isa = PBXBuildFile; fileRef = D161EDDD1F905F55003AA990 /* DataService.swift */; };
		D161EDE01F906FD3003AA990 /* AuthVC.swift in Sources */ = {isa = PBXBuildFile; fileRef = D161EDDF1F906FD3003AA990 /* AuthVC.swift */; };
		D161EDE21F907003003AA990 /* LoginVC.swift in Sources */ = {isa = PBXBuildFile; fileRef = D161EDE11F907003003AA990 /* LoginVC.swift */; };
		D161EDE41F907047003AA990 /* InsetTextField.swift in Sources */ = {isa = PBXBuildFile; fileRef = D161EDE31F907047003AA990 /* InsetTextField.swift */; };
		D161EDE81F907425003AA990 /* GoogleService-Info.plist in Resources */ = {isa = PBXBuildFile; fileRef = D161EDE71F9073BA003AA990 /* GoogleService-Info.plist */; };
		D161EDEA1F907A8F003AA990 /* ShadowView.swift in Sources */ = {isa = PBXBuildFile; fileRef = D161EDE91F907A8F003AA990 /* ShadowView.swift */; };
		D161EDEC1F907DDE003AA990 /* AuthService.swift in Sources */ = {isa = PBXBuildFile; fileRef = D161EDEB1F907DDE003AA990 /* AuthService.swift */; };
		D1F620BD1F8FBBE200AC98D7 /* AppDelegate.swift in Sources */ = {isa = PBXBuildFile; fileRef = D1F620BC1F8FBBE200AC98D7 /* AppDelegate.swift */; };
		D1F620BF1F8FBBE200AC98D7 /* FeedVC.swift in Sources */ = {isa = PBXBuildFile; fileRef = D1F620BE1F8FBBE200AC98D7 /* FeedVC.swift */; };
		D1F620C11F8FBBE200AC98D7 /* GroupVC.swift in Sources */ = {isa = PBXBuildFile; fileRef = D1F620C01F8FBBE200AC98D7 /* GroupVC.swift */; };
		D1F620C41F8FBBE200AC98D7 /* Main.storyboard in Resources */ = {isa = PBXBuildFile; fileRef = D1F620C21F8FBBE200AC98D7 /* Main.storyboard */; };
		D1F620C61F8FBBE200AC98D7 /* Assets.xcassets in Resources */ = {isa = PBXBuildFile; fileRef = D1F620C51F8FBBE200AC98D7 /* Assets.xcassets */; };
		D1F620C91F8FBBE200AC98D7 /* LaunchScreen.storyboard in Resources */ = {isa = PBXBuildFile; fileRef = D1F620C71F8FBBE200AC98D7 /* LaunchScreen.storyboard */; };
/* End PBXBuildFile section */

/* Begin PBXFileReference section */
		0AF4CAF6D263C8E9015105F2 /* Pods_Social_App.framework */ = {isa = PBXFileReference; explicitFileType = wrapper.framework; includeInIndex = 0; path = Pods_Social_App.framework; sourceTree = BUILT_PRODUCTS_DIR; };
		1B9C6C680C6304797F9AAA5D /* Pods-Social App.debug.xcconfig */ = {isa = PBXFileReference; includeInIndex = 1; lastKnownFileType = text.xcconfig; name = "Pods-Social App.debug.xcconfig"; path = "Pods/Target Support Files/Pods-Social App/Pods-Social App.debug.xcconfig"; sourceTree = "<group>"; };
		8C9F4A553C655C9DA77026CC /* Pods-Social App.release.xcconfig */ = {isa = PBXFileReference; includeInIndex = 1; lastKnownFileType = text.xcconfig; name = "Pods-Social App.release.xcconfig"; path = "Pods/Target Support Files/Pods-Social App/Pods-Social App.release.xcconfig"; sourceTree = "<group>"; };
		D161EDDD1F905F55003AA990 /* DataService.swift */ = {isa = PBXFileReference; lastKnownFileType = sourcecode.swift; path = DataService.swift; sourceTree = "<group>"; };
		D161EDDF1F906FD3003AA990 /* AuthVC.swift */ = {isa = PBXFileReference; lastKnownFileType = sourcecode.swift; path = AuthVC.swift; sourceTree = "<group>"; };
		D161EDE11F907003003AA990 /* LoginVC.swift */ = {isa = PBXFileReference; lastKnownFileType = sourcecode.swift; path = LoginVC.swift; sourceTree = "<group>"; };
		D161EDE31F907047003AA990 /* InsetTextField.swift */ = {isa = PBXFileReference; lastKnownFileType = sourcecode.swift; path = InsetTextField.swift; sourceTree = "<group>"; };
		D161EDE71F9073BA003AA990 /* GoogleService-Info.plist */ = {isa = PBXFileReference; lastKnownFileType = text.plist.xml; path = "GoogleService-Info.plist"; sourceTree = "<group>"; };
		D161EDE91F907A8F003AA990 /* ShadowView.swift */ = {isa = PBXFileReference; lastKnownFileType = sourcecode.swift; path = ShadowView.swift; sourceTree = "<group>"; };
		D161EDEB1F907DDE003AA990 /* AuthService.swift */ = {isa = PBXFileReference; lastKnownFileType = sourcecode.swift; path = AuthService.swift; sourceTree = "<group>"; };
		D1F620B91F8FBBE200AC98D7 /* Social App.app */ = {isa = PBXFileReference; explicitFileType = wrapper.application; includeInIndex = 0; path = "Social App.app"; sourceTree = BUILT_PRODUCTS_DIR; };
		D1F620BC1F8FBBE200AC98D7 /* AppDelegate.swift */ = {isa = PBXFileReference; lastKnownFileType = sourcecode.swift; path = AppDelegate.swift; sourceTree = "<group>"; };
		D1F620BE1F8FBBE200AC98D7 /* FeedVC.swift */ = {isa = PBXFileReference; lastKnownFileType = sourcecode.swift; path = FeedVC.swift; sourceTree = "<group>"; };
		D1F620C01F8FBBE200AC98D7 /* GroupVC.swift */ = {isa = PBXFileReference; lastKnownFileType = sourcecode.swift; path = GroupVC.swift; sourceTree = "<group>"; };
		D1F620C31F8FBBE200AC98D7 /* Base */ = {isa = PBXFileReference; lastKnownFileType = file.storyboard; name = Base; path = Base.lproj/Main.storyboard; sourceTree = "<group>"; };
		D1F620C51F8FBBE200AC98D7 /* Assets.xcassets */ = {isa = PBXFileReference; lastKnownFileType = folder.assetcatalog; path = Assets.xcassets; sourceTree = "<group>"; };
		D1F620C81F8FBBE200AC98D7 /* Base */ = {isa = PBXFileReference; lastKnownFileType = file.storyboard; name = Base; path = Base.lproj/LaunchScreen.storyboard; sourceTree = "<group>"; };
		D1F620CA1F8FBBE200AC98D7 /* Info.plist */ = {isa = PBXFileReference; lastKnownFileType = text.plist.xml; path = Info.plist; sourceTree = "<group>"; };
/* End PBXFileReference section */

/* Begin PBXFrameworksBuildPhase section */
		D1F620B61F8FBBE200AC98D7 /* Frameworks */ = {
			isa = PBXFrameworksBuildPhase;
			buildActionMask = 2147483647;
			files = (
				6FBC0B7B18434400791762DA /* Pods_Social_App.framework in Frameworks */,
			);
			runOnlyForDeploymentPostprocessing = 0;
		};
/* End PBXFrameworksBuildPhase section */

/* Begin PBXGroup section */
		0CDBC955C3F82C0F6C18ABFB /* Pods */ = {
			isa = PBXGroup;
			children = (
				1B9C6C680C6304797F9AAA5D /* Pods-Social App.debug.xcconfig */,
				8C9F4A553C655C9DA77026CC /* Pods-Social App.release.xcconfig */,
			);
			name = Pods;
			sourceTree = "<group>";
		};
		475F4D770F6EFF380DDCBEE5 /* Frameworks */ = {
			isa = PBXGroup;
			children = (
				0AF4CAF6D263C8E9015105F2 /* Pods_Social_App.framework */,
			);
			name = Frameworks;
			sourceTree = "<group>";
		};
		D1F620B01F8FBBE200AC98D7 = {
			isa = PBXGroup;
			children = (
				D1F620BB1F8FBBE200AC98D7 /* Social App */,
				D1F620BA1F8FBBE200AC98D7 /* Products */,
				0CDBC955C3F82C0F6C18ABFB /* Pods */,
				475F4D770F6EFF380DDCBEE5 /* Frameworks */,
			);
			sourceTree = "<group>";
		};
		D1F620BA1F8FBBE200AC98D7 /* Products */ = {
			isa = PBXGroup;
			children = (
				D1F620B91F8FBBE200AC98D7 /* Social App.app */,
			);
			name = Products;
			sourceTree = "<group>";
		};
		D1F620BB1F8FBBE200AC98D7 /* Social App */ = {
			isa = PBXGroup;
			children = (
				D1F620D41F8FBFC500AC98D7 /* Services */,
				D1F620D31F8FBFA500AC98D7 /* Extensions */,
				D1F620D21F8FBF8500AC98D7 /* Controller */,
				D1F620D11F8FBF7E00AC98D7 /* View */,
				D1F620D01F8FBF7200AC98D7 /* Model */,
				D1F620BC1F8FBBE200AC98D7 /* AppDelegate.swift */,
				D1F620C21F8FBBE200AC98D7 /* Main.storyboard */,
				D1F620C51F8FBBE200AC98D7 /* Assets.xcassets */,
				D1F620C71F8FBBE200AC98D7 /* LaunchScreen.storyboard */,
				D1F620CA1F8FBBE200AC98D7 /* Info.plist */,
				D161EDE71F9073BA003AA990 /* GoogleService-Info.plist */,
			);
			path = "Social App";
			sourceTree = "<group>";
		};
		D1F620D01F8FBF7200AC98D7 /* Model */ = {
			isa = PBXGroup;
			children = (
			);
			path = Model;
			sourceTree = "<group>";
		};
		D1F620D11F8FBF7E00AC98D7 /* View */ = {
			isa = PBXGroup;
			children = (
				D161EDE31F907047003AA990 /* InsetTextField.swift */,
				D161EDE91F907A8F003AA990 /* ShadowView.swift */,
			);
			path = View;
			sourceTree = "<group>";
		};
		D1F620D21F8FBF8500AC98D7 /* Controller */ = {
			isa = PBXGroup;
			children = (
				D1F620BE1F8FBBE200AC98D7 /* FeedVC.swift */,
				D1F620C01F8FBBE200AC98D7 /* GroupVC.swift */,
				D161EDDF1F906FD3003AA990 /* AuthVC.swift */,
				D161EDE11F907003003AA990 /* LoginVC.swift */,
			);
			path = Controller;
			sourceTree = "<group>";
		};
		D1F620D31F8FBFA500AC98D7 /* Extensions */ = {
			isa = PBXGroup;
			children = (
			);
			path = Extensions;
			sourceTree = "<group>";
		};
		D1F620D41F8FBFC500AC98D7 /* Services */ = {
			isa = PBXGroup;
			children = (
				D161EDDD1F905F55003AA990 /* DataService.swift */,
				D161EDEB1F907DDE003AA990 /* AuthService.swift */,
			);
			path = Services;
			sourceTree = "<group>";
		};
/* End PBXGroup section */

/* Begin PBXNativeTarget section */
		D1F620B81F8FBBE200AC98D7 /* Social App */ = {
			isa = PBXNativeTarget;
			buildConfigurationList = D1F620CD1F8FBBE200AC98D7 /* Build configuration list for PBXNativeTarget "Social App" */;
			buildPhases = (
				CEBECD3A89C65B1719650B3B /* [CP] Check Pods Manifest.lock */,
				D1F620B51F8FBBE200AC98D7 /* Sources */,
				D1F620B61F8FBBE200AC98D7 /* Frameworks */,
				D1F620B71F8FBBE200AC98D7 /* Resources */,
				472F99761C14214D1FCED70B /* [CP] Embed Pods Frameworks */,
				09C9290DE83110A14218D9E0 /* [CP] Copy Pods Resources */,
			);
			buildRules = (
			);
			dependencies = (
			);
			name = "Social App";
			productName = "Social App";
			productReference = D1F620B91F8FBBE200AC98D7 /* Social App.app */;
			productType = "com.apple.product-type.application";
		};
/* End PBXNativeTarget section */

/* Begin PBXProject section */
		D1F620B11F8FBBE200AC98D7 /* Project object */ = {
			isa = PBXProject;
			attributes = {
				LastSwiftUpdateCheck = 0900;
				LastUpgradeCheck = 0900;
				ORGANIZATIONNAME = PoGo;
				TargetAttributes = {
					D1F620B81F8FBBE200AC98D7 = {
						CreatedOnToolsVersion = 9.0;
						ProvisioningStyle = Automatic;
					};
				};
			};
			buildConfigurationList = D1F620B41F8FBBE200AC98D7 /* Build configuration list for PBXProject "Social App" */;
			compatibilityVersion = "Xcode 8.0";
			developmentRegion = en;
			hasScannedForEncodings = 0;
			knownRegions = (
				en,
				Base,
			);
			mainGroup = D1F620B01F8FBBE200AC98D7;
			productRefGroup = D1F620BA1F8FBBE200AC98D7 /* Products */;
			projectDirPath = "";
			projectRoot = "";
			targets = (
				D1F620B81F8FBBE200AC98D7 /* Social App */,
			);
		};
/* End PBXProject section */

/* Begin PBXResourcesBuildPhase section */
		D1F620B71F8FBBE200AC98D7 /* Resources */ = {
			isa = PBXResourcesBuildPhase;
			buildActionMask = 2147483647;
			files = (
				D1F620C91F8FBBE200AC98D7 /* LaunchScreen.storyboard in Resources */,
				D161EDE81F907425003AA990 /* GoogleService-Info.plist in Resources */,
				D1F620C61F8FBBE200AC98D7 /* Assets.xcassets in Resources */,
				D1F620C41F8FBBE200AC98D7 /* Main.storyboard in Resources */,
			);
			runOnlyForDeploymentPostprocessing = 0;
		};
/* End PBXResourcesBuildPhase section */

/* Begin PBXShellScriptBuildPhase section */
		09C9290DE83110A14218D9E0 /* [CP] Copy Pods Resources */ = {
			isa = PBXShellScriptBuildPhase;
			buildActionMask = 2147483647;
			files = (
			);
			inputPaths = (
			);
			name = "[CP] Copy Pods Resources";
			outputPaths = (
			);
			runOnlyForDeploymentPostprocessing = 0;
			shellPath = /bin/sh;
			shellScript = "\"${SRCROOT}/Pods/Target Support Files/Pods-Social App/Pods-Social App-resources.sh\"\n";
			showEnvVarsInLog = 0;
		};
		472F99761C14214D1FCED70B /* [CP] Embed Pods Frameworks */ = {
			isa = PBXShellScriptBuildPhase;
			buildActionMask = 2147483647;
			files = (
			);
			inputPaths = (
			);
			name = "[CP] Embed Pods Frameworks";
			outputPaths = (
			);
			runOnlyForDeploymentPostprocessing = 0;
			shellPath = /bin/sh;
			shellScript = "\"${SRCROOT}/Pods/Target Support Files/Pods-Social App/Pods-Social App-frameworks.sh\"\n";
			showEnvVarsInLog = 0;
		};
		CEBECD3A89C65B1719650B3B /* [CP] Check Pods Manifest.lock */ = {
			isa = PBXShellScriptBuildPhase;
			buildActionMask = 2147483647;
			files = (
			);
			inputPaths = (
			);
			name = "[CP] Check Pods Manifest.lock";
			outputPaths = (
			);
			runOnlyForDeploymentPostprocessing = 0;
			shellPath = /bin/sh;
			shellScript = "diff \"${PODS_ROOT}/../Podfile.lock\" \"${PODS_ROOT}/Manifest.lock\" > /dev/null\nif [ $? != 0 ] ; then\n    # print error to STDERR\n    echo \"error: The sandbox is not in sync with the Podfile.lock. Run 'pod install' or update your CocoaPods installation.\" >&2\n    exit 1\nfi\n";
			showEnvVarsInLog = 0;
		};
/* End PBXShellScriptBuildPhase section */

/* Begin PBXSourcesBuildPhase section */
		D1F620B51F8FBBE200AC98D7 /* Sources */ = {
			isa = PBXSourcesBuildPhase;
			buildActionMask = 2147483647;
			files = (
				D161EDE01F906FD3003AA990 /* AuthVC.swift in Sources */,
				D1F620C11F8FBBE200AC98D7 /* GroupVC.swift in Sources */,
				D161EDE21F907003003AA990 /* LoginVC.swift in Sources */,
				D161EDEC1F907DDE003AA990 /* AuthService.swift in Sources */,
				D1F620BD1F8FBBE200AC98D7 /* AppDelegate.swift in Sources */,
				D161EDEA1F907A8F003AA990 /* ShadowView.swift in Sources */,
				D1F620BF1F8FBBE200AC98D7 /* FeedVC.swift in Sources */,
				D161EDE41F907047003AA990 /* InsetTextField.swift in Sources */,
				D161EDDE1F905F55003AA990 /* DataService.swift in Sources */,
			);
			runOnlyForDeploymentPostprocessing = 0;
		};
/* End PBXSourcesBuildPhase section */

/* Begin PBXVariantGroup section */
		D1F620C21F8FBBE200AC98D7 /* Main.storyboard */ = {
			isa = PBXVariantGroup;
			children = (
				D1F620C31F8FBBE200AC98D7 /* Base */,
			);
			name = Main.storyboard;
			sourceTree = "<group>";
		};
		D1F620C71F8FBBE200AC98D7 /* LaunchScreen.storyboard */ = {
			isa = PBXVariantGroup;
			children = (
				D1F620C81F8FBBE200AC98D7 /* Base */,
			);
			name = LaunchScreen.storyboard;
			sourceTree = "<group>";
		};
/* End PBXVariantGroup section */

/* Begin XCBuildConfiguration section */
		D1F620CB1F8FBBE200AC98D7 /* Debug */ = {
			isa = XCBuildConfiguration;
			buildSettings = {
				ALWAYS_SEARCH_USER_PATHS = NO;
				CLANG_ANALYZER_NONNULL = YES;
				CLANG_ANALYZER_NUMBER_OBJECT_CONVERSION = YES_AGGRESSIVE;
				CLANG_CXX_LANGUAGE_STANDARD = "gnu++14";
				CLANG_CXX_LIBRARY = "libc++";
				CLANG_ENABLE_MODULES = YES;
				CLANG_ENABLE_OBJC_ARC = YES;
				CLANG_WARN_BLOCK_CAPTURE_AUTORELEASING = YES;
				CLANG_WARN_BOOL_CONVERSION = YES;
				CLANG_WARN_COMMA = YES;
				CLANG_WARN_CONSTANT_CONVERSION = YES;
				CLANG_WARN_DIRECT_OBJC_ISA_USAGE = YES_ERROR;
				CLANG_WARN_DOCUMENTATION_COMMENTS = YES;
				CLANG_WARN_EMPTY_BODY = YES;
				CLANG_WARN_ENUM_CONVERSION = YES;
				CLANG_WARN_INFINITE_RECURSION = YES;
				CLANG_WARN_INT_CONVERSION = YES;
				CLANG_WARN_NON_LITERAL_NULL_CONVERSION = YES;
				CLANG_WARN_OBJC_LITERAL_CONVERSION = YES;
				CLANG_WARN_OBJC_ROOT_CLASS = YES_ERROR;
				CLANG_WARN_RANGE_LOOP_ANALYSIS = YES;
				CLANG_WARN_STRICT_PROTOTYPES = YES;
				CLANG_WARN_SUSPICIOUS_MOVE = YES;
				CLANG_WARN_UNGUARDED_AVAILABILITY = YES_AGGRESSIVE;
				CLANG_WARN_UNREACHABLE_CODE = YES;
				CLANG_WARN__DUPLICATE_METHOD_MATCH = YES;
				CODE_SIGN_IDENTITY = "iPhone Developer";
				COPY_PHASE_STRIP = NO;
				DEBUG_INFORMATION_FORMAT = dwarf;
				ENABLE_STRICT_OBJC_MSGSEND = YES;
				ENABLE_TESTABILITY = YES;
				GCC_C_LANGUAGE_STANDARD = gnu11;
				GCC_DYNAMIC_NO_PIC = NO;
				GCC_NO_COMMON_BLOCKS = YES;
				GCC_OPTIMIZATION_LEVEL = 0;
				GCC_PREPROCESSOR_DEFINITIONS = (
					"DEBUG=1",
					"$(inherited)",
				);
				GCC_WARN_64_TO_32_BIT_CONVERSION = YES;
				GCC_WARN_ABOUT_RETURN_TYPE = YES_ERROR;
				GCC_WARN_UNDECLARED_SELECTOR = YES;
				GCC_WARN_UNINITIALIZED_AUTOS = YES_AGGRESSIVE;
				GCC_WARN_UNUSED_FUNCTION = YES;
				GCC_WARN_UNUSED_VARIABLE = YES;
				IPHONEOS_DEPLOYMENT_TARGET = 11.0;
				MTL_ENABLE_DEBUG_INFO = YES;
				ONLY_ACTIVE_ARCH = YES;
				SDKROOT = iphoneos;
				SWIFT_ACTIVE_COMPILATION_CONDITIONS = DEBUG;
				SWIFT_OPTIMIZATION_LEVEL = "-Onone";
			};
			name = Debug;
		};
		D1F620CC1F8FBBE200AC98D7 /* Release */ = {
			isa = XCBuildConfiguration;
			buildSettings = {
				ALWAYS_SEARCH_USER_PATHS = NO;
				CLANG_ANALYZER_NONNULL = YES;
				CLANG_ANALYZER_NUMBER_OBJECT_CONVERSION = YES_AGGRESSIVE;
				CLANG_CXX_LANGUAGE_STANDARD = "gnu++14";
				CLANG_CXX_LIBRARY = "libc++";
				CLANG_ENABLE_MODULES = YES;
				CLANG_ENABLE_OBJC_ARC = YES;
				CLANG_WARN_BLOCK_CAPTURE_AUTORELEASING = YES;
				CLANG_WARN_BOOL_CONVERSION = YES;
				CLANG_WARN_COMMA = YES;
				CLANG_WARN_CONSTANT_CONVERSION = YES;
				CLANG_WARN_DIRECT_OBJC_ISA_USAGE = YES_ERROR;
				CLANG_WARN_DOCUMENTATION_COMMENTS = YES;
				CLANG_WARN_EMPTY_BODY = YES;
				CLANG_WARN_ENUM_CONVERSION = YES;
				CLANG_WARN_INFINITE_RECURSION = YES;
				CLANG_WARN_INT_CONVERSION = YES;
				CLANG_WARN_NON_LITERAL_NULL_CONVERSION = YES;
				CLANG_WARN_OBJC_LITERAL_CONVERSION = YES;
				CLANG_WARN_OBJC_ROOT_CLASS = YES_ERROR;
				CLANG_WARN_RANGE_LOOP_ANALYSIS = YES;
				CLANG_WARN_STRICT_PROTOTYPES = YES;
				CLANG_WARN_SUSPICIOUS_MOVE = YES;
				CLANG_WARN_UNGUARDED_AVAILABILITY = YES_AGGRESSIVE;
				CLANG_WARN_UNREACHABLE_CODE = YES;
				CLANG_WARN__DUPLICATE_METHOD_MATCH = YES;
				CODE_SIGN_IDENTITY = "iPhone Developer";
				COPY_PHASE_STRIP = NO;
				DEBUG_INFORMATION_FORMAT = "dwarf-with-dsym";
				ENABLE_NS_ASSERTIONS = NO;
				ENABLE_STRICT_OBJC_MSGSEND = YES;
				GCC_C_LANGUAGE_STANDARD = gnu11;
				GCC_NO_COMMON_BLOCKS = YES;
				GCC_WARN_64_TO_32_BIT_CONVERSION = YES;
				GCC_WARN_ABOUT_RETURN_TYPE = YES_ERROR;
				GCC_WARN_UNDECLARED_SELECTOR = YES;
				GCC_WARN_UNINITIALIZED_AUTOS = YES_AGGRESSIVE;
				GCC_WARN_UNUSED_FUNCTION = YES;
				GCC_WARN_UNUSED_VARIABLE = YES;
				IPHONEOS_DEPLOYMENT_TARGET = 11.0;
				MTL_ENABLE_DEBUG_INFO = NO;
				SDKROOT = iphoneos;
				SWIFT_OPTIMIZATION_LEVEL = "-Owholemodule";
				VALIDATE_PRODUCT = YES;
			};
			name = Release;
		};
		D1F620CE1F8FBBE200AC98D7 /* Debug */ = {
			isa = XCBuildConfiguration;
			baseConfigurationReference = 1B9C6C680C6304797F9AAA5D /* Pods-Social App.debug.xcconfig */;
			buildSettings = {
				ASSETCATALOG_COMPILER_APPICON_NAME = AppIcon;
				CODE_SIGN_STYLE = Automatic;
				DEVELOPMENT_TEAM = 6MD343B76Q;
				INFOPLIST_FILE = "Social App/Info.plist";
				LD_RUNPATH_SEARCH_PATHS = "$(inherited) @executable_path/Frameworks";
				PRODUCT_BUNDLE_IDENTIFIER = "Kevin-Vu.Social-App";
				PRODUCT_NAME = "$(TARGET_NAME)";
				SWIFT_VERSION = 4.0;
				TARGETED_DEVICE_FAMILY = "1,2";
			};
			name = Debug;
		};
		D1F620CF1F8FBBE200AC98D7 /* Release */ = {
			isa = XCBuildConfiguration;
			baseConfigurationReference = 8C9F4A553C655C9DA77026CC /* Pods-Social App.release.xcconfig */;
			buildSettings = {
				ASSETCATALOG_COMPILER_APPICON_NAME = AppIcon;
				CODE_SIGN_STYLE = Automatic;
				DEVELOPMENT_TEAM = 6MD343B76Q;
				INFOPLIST_FILE = "Social App/Info.plist";
				LD_RUNPATH_SEARCH_PATHS = "$(inherited) @executable_path/Frameworks";
				PRODUCT_BUNDLE_IDENTIFIER = "Kevin-Vu.Social-App";
				PRODUCT_NAME = "$(TARGET_NAME)";
				SWIFT_VERSION = 4.0;
				TARGETED_DEVICE_FAMILY = "1,2";
			};
			name = Release;
		};
/* End XCBuildConfiguration section */

/* Begin XCConfigurationList section */
		D1F620B41F8FBBE200AC98D7 /* Build configuration list for PBXProject "Social App" */ = {
			isa = XCConfigurationList;
			buildConfigurations = (
				D1F620CB1F8FBBE200AC98D7 /* Debug */,
				D1F620CC1F8FBBE200AC98D7 /* Release */,
			);
			defaultConfigurationIsVisible = 0;
			defaultConfigurationName = Release;
		};
		D1F620CD1F8FBBE200AC98D7 /* Build configuration list for PBXNativeTarget "Social App" */ = {
			isa = XCConfigurationList;
			buildConfigurations = (
				D1F620CE1F8FBBE200AC98D7 /* Debug */,
				D1F620CF1F8FBBE200AC98D7 /* Release */,
			);
			defaultConfigurationIsVisible = 0;
			defaultConfigurationName = Release;
		};
/* End XCConfigurationList section */
	};
	rootObject = D1F620B11F8FBBE200AC98D7 /* Project object */;
}
